
Microsoft Visual Studio Solution File, Format Version 12.00
# Visual Studio Version 17
VisualStudioVersion = 17.14.37628.2 d17.14
MinimumVisualStudioVersion = 10.0.40219.1
Project("{FAE04EC0-301F-11D3-BF4B-00C04F79EFBC}") = "PixelEscape", "PixelEscape\PixelEscape.csproj", "{B311A8CE-73C0-4691-A335-D5A300103E78}"
EndProject
Global
	GlobalSection(SolutionConfigurationPlatforms) = preSolution
		Debug|Any CPU = Debug|Any CPU
		Release|Any CPU = Release|Any CPU
	EndGlobalSection
	GlobalSection(ProjectConfigurationPlatforms) = postSolution
		{B311A8CE-73C0-4691-A335-D5A300103E78}.Debug|Any CPU.ActiveCfg = Debug|Any CPU
		{B311A8CE-73C0-4691-A335-D5A300103E78}.Debug|Any CPU.Build.0 = Debug|Any CPU
		{B311A8CE-73C0-4691-A335-D5A300103E78}.Release|Any CPU.ActiveCfg = Release|Any CPU
		{B311A8CE-73C0-4691-A335-D5A300103E78}.Release|Any CPU.Build.0 = Release|Any CPU
	EndGlobalSection
	GlobalSection(SolutionProperties) = preSolution
		HideSolutionNode = FALSE
	EndGlobalSection
	GlobalSection(ExtensibilityGlobals) = postSolution
		SolutionGuid = {A6D83688-999C-43E6-BFEB-69C2C16563FC}
	EndGlobalSection
EndGlobal
